
Microsoft Visual Studio Solution File, Format Version 12.00
# Visual Studio Version 17
VisualStudioVersion = 17.11.35222.181
MinimumVisualStudioVersion = 10.0.40219.1
Project("{FAE04EC0-301F-11D3-BF4B-00C04F79EFBC}") = "EnglishForLife", "EnglishForLife.csproj", "{87430F61-FC68-4385-A639-A273A86FF7B9}"
EndProject
Global
	GlobalSection(SolutionConfigurationPlatforms) = preSolution
		Debug|Any CPU = Debug|Any CPU
		Release|Any CPU = Release|Any CPU
	EndGlobalSection
	GlobalSection(ProjectConfigurationPlatforms) = postSolution
		{87430F61-FC68-4385-A639-A273A86FF7B9}.Debug|Any CPU.ActiveCfg = Debug|Any CPU
		{87430F61-FC68-4385-A639-A273A86FF7B9}.Debug|Any CPU.Build.0 = Debug|Any CPU
		{87430F61-FC68-4385-A639-A273A86FF7B9}.Release|Any CPU.ActiveCfg = Release|Any CPU
		{87430F61-FC68-4385-A639-A273A86FF7B9}.Release|Any CPU.Build.0 = Release|Any CPU
	EndGlobalSection
	GlobalSection(SolutionProperties) = preSolution
		HideSolutionNode = FALSE
	EndGlobalSection
	GlobalSection(ExtensibilityGlobals) = postSolution
		SolutionGuid = {C72E9DB2-587B-4350-B1BF-8BF258DC719A}
	EndGlobalSection
EndGlobal
